
Microsoft Visual Studio Solution File, Format Version 12.00
# Visual Studio Version 17
VisualStudioVersion = 17.0.32014.148
MinimumVisualStudioVersion = 10.0.40219.1
Project("{FAE04EC0-301F-11D3-BF4B-00C04F79EFBC}") = "ThanksCard_API", "ThanksCard_API\ThanksCard_API.csproj", "{454AC24D-4A02-4349-BCDC-AFFFB325602B}"
EndProject
Global
	GlobalSection(SolutionConfigurationPlatforms) = preSolution
		Debug|Any CPU = Debug|Any CPU
		Release|Any CPU = Release|Any CPU
	EndGlobalSection
	GlobalSection(ProjectConfigurationPlatforms) = postSolution
		{454AC24D-4A02-4349-BCDC-AFFFB325602B}.Debug|Any CPU.ActiveCfg = Debug|Any CPU
		{454AC24D-4A02-4349-BCDC-AFFFB325602B}.Debug|Any CPU.Build.0 = Debug|Any CPU
		{454AC24D-4A02-4349-BCDC-AFFFB325602B}.Release|Any CPU.ActiveCfg = Release|Any CPU
		{454AC24D-4A02-4349-BCDC-AFFFB325602B}.Release|Any CPU.Build.0 = Release|Any CPU
	EndGlobalSection
	GlobalSection(SolutionProperties) = preSolution
		HideSolutionNode = FALSE
	EndGlobalSection
	GlobalSection(ExtensibilityGlobals) = postSolution
		SolutionGuid = {C5C880CA-2CA2-4FAE-BBDB-5E7D309EB138}
	EndGlobalSection
EndGlobal
